
Microsoft Visual Studio Solution File, Format Version 12.00
# Visual Studio 15
VisualStudioVersion = 15.0.27428.2027
MinimumVisualStudioVersion = 10.0.40219.1
Project("{FAE04EC0-301F-11D3-BF4B-00C04F79EFBC}") = "TestApp", "TestApp\TestApp.csproj", "{FF017EF1-F55A-495C-A6FA-34EB11C5A76C}"
EndProject
Project("{FAE04EC0-301F-11D3-BF4B-00C04F79EFBC}") = "YourCodeActivities", "YourCodeActivities\YourCodeActivities.csproj", "{FE411E66-EBDD-4B2C-B004-E59E7FC1068B}"
EndProject
Project("{FAE04EC0-301F-11D3-BF4B-00C04F79EFBC}") = "YourPlugins", "YourPlugins\YourPlugins.csproj", "{3BDAFC80-4F8F-42A3-94CD-1681FEE26F76}"
EndProject
Project("{FAE04EC0-301F-11D3-BF4B-00C04F79EFBC}") = "DynamicsCrm.AssemblyDebugger", "DynamicsCrm.AssemblyDebugger\DynamicsCrm.AssemblyDebugger.csproj", "{33E7F87C-CAF6-46CE-A327-6637D8994AF2}"
EndProject
Global
	GlobalSection(SolutionConfigurationPlatforms) = preSolution
		Debug|Any CPU = Debug|Any CPU
		Debug-Net45|Any CPU = Debug-Net45|Any CPU
		Release|Any CPU = Release|Any CPU
		Release-Net45|Any CPU = Release-Net45|Any CPU
	EndGlobalSection
	GlobalSection(ProjectConfigurationPlatforms) = postSolution
		{FF017EF1-F55A-495C-A6FA-34EB11C5A76C}.Debug|Any CPU.ActiveCfg = Debug|Any CPU
		{FF017EF1-F55A-495C-A6FA-34EB11C5A76C}.Debug|Any CPU.Build.0 = Debug|Any CPU
		{FF017EF1-F55A-495C-A6FA-34EB11C5A76C}.Debug-Net45|Any CPU.ActiveCfg = Debug|Any CPU
		{FF017EF1-F55A-495C-A6FA-34EB11C5A76C}.Debug-Net45|Any CPU.Build.0 = Debug|Any CPU
		{FF017EF1-F55A-495C-A6FA-34EB11C5A76C}.Release|Any CPU.ActiveCfg = Release|Any CPU
		{FF017EF1-F55A-495C-A6FA-34EB11C5A76C}.Release|Any CPU.Build.0 = Release|Any CPU
		{FF017EF1-F55A-495C-A6FA-34EB11C5A76C}.Release-Net45|Any CPU.ActiveCfg = Release|Any CPU
		{FF017EF1-F55A-495C-A6FA-34EB11C5A76C}.Release-Net45|Any CPU.Build.0 = Release|Any CPU
		{FE411E66-EBDD-4B2C-B004-E59E7FC1068B}.Debug|Any CPU.ActiveCfg = Debug|Any CPU
		{FE411E66-EBDD-4B2C-B004-E59E7FC1068B}.Debug|Any CPU.Build.0 = Debug|Any CPU
		{FE411E66-EBDD-4B2C-B004-E59E7FC1068B}.Debug-Net45|Any CPU.ActiveCfg = Debug|Any CPU
		{FE411E66-EBDD-4B2C-B004-E59E7FC1068B}.Debug-Net45|Any CPU.Build.0 = Debug|Any CPU
		{FE411E66-EBDD-4B2C-B004-E59E7FC1068B}.Release|Any CPU.ActiveCfg = Release|Any CPU
		{FE411E66-EBDD-4B2C-B004-E59E7FC1068B}.Release|Any CPU.Build.0 = Release|Any CPU
		{FE411E66-EBDD-4B2C-B004-E59E7FC1068B}.Release-Net45|Any CPU.ActiveCfg = Release|Any CPU
		{FE411E66-EBDD-4B2C-B004-E59E7FC1068B}.Release-Net45|Any CPU.Build.0 = Release|Any CPU
		{3BDAFC80-4F8F-42A3-94CD-1681FEE26F76}.Debug|Any CPU.ActiveCfg = Debug|Any CPU
		{3BDAFC80-4F8F-42A3-94CD-1681FEE26F76}.Debug|Any CPU.Build.0 = Debug|Any CPU
		{3BDAFC80-4F8F-42A3-94CD-1681FEE26F76}.Debug-Net45|Any CPU.ActiveCfg = Debug|Any CPU
		{3BDAFC80-4F8F-42A3-94CD-1681FEE26F76}.Debug-Net45|Any CPU.Build.0 = Debug|Any CPU
		{3BDAFC80-4F8F-42A3-94CD-1681FEE26F76}.Release|Any CPU.ActiveCfg = Release|Any CPU
		{3BDAFC80-4F8F-42A3-94CD-1681FEE26F76}.Release|Any CPU.Build.0 = Release|Any CPU
		{3BDAFC80-4F8F-42A3-94CD-1681FEE26F76}.Release-Net45|Any CPU.ActiveCfg = Release|Any CPU
		{3BDAFC80-4F8F-42A3-94CD-1681FEE26F76}.Release-Net45|Any CPU.Build.0 = Release|Any CPU
		{33E7F87C-CAF6-46CE-A327-6637D8994AF2}.Debug|Any CPU.ActiveCfg = Debug|Any CPU
		{33E7F87C-CAF6-46CE-A327-6637D8994AF2}.Debug|Any CPU.Build.0 = Debug|Any CPU
		{33E7F87C-CAF6-46CE-A327-6637D8994AF2}.Debug-Net45|Any CPU.ActiveCfg = Debug|Any CPU
		{33E7F87C-CAF6-46CE-A327-6637D8994AF2}.Debug-Net45|Any CPU.Build.0 = Debug|Any CPU
		{33E7F87C-CAF6-46CE-A327-6637D8994AF2}.Release|Any CPU.ActiveCfg = Release|Any CPU
		{33E7F87C-CAF6-46CE-A327-6637D8994AF2}.Release|Any CPU.Build.0 = Release|Any CPU
		{33E7F87C-CAF6-46CE-A327-6637D8994AF2}.Release-Net45|Any CPU.ActiveCfg = Release|Any CPU
		{33E7F87C-CAF6-46CE-A327-6637D8994AF2}.Release-Net45|Any CPU.Build.0 = Release|Any CPU
	EndGlobalSection
	GlobalSection(SolutionProperties) = preSolution
		HideSolutionNode = FALSE
	EndGlobalSection
	GlobalSection(ExtensibilityGlobals) = postSolution
		SolutionGuid = {C1F964E0-B0C9-43E2-B35A-2A20E1ABC903}
	EndGlobalSection
	GlobalSection(CRMSolutionProperties) = preSolution
		SolutionIsBoundToCRM = True
	EndGlobalSection
EndGlobal
